
Microsoft Visual Studio Solution File, Format Version 12.00
# Visual Studio Version 16
VisualStudioVersion = 16.0.31515.178
MinimumVisualStudioVersion = 10.0.40219.1
Project("{2150E333-8FDC-42A3-9474-1A3956D46DE8}") = "WPF", "WPF", "{49178FDB-E071-4096-AFD5-04C6CAEF1CCF}"
EndProject
Project("{2150E333-8FDC-42A3-9474-1A3956D46DE8}") = "CS", "CS", "{DF8BF0D2-640B-4474-810C-41FD19A6DE11}"
EndProject
Project("{FAE04EC0-301F-11D3-BF4B-00C04F79EFBC}") = "01_Background Worker", "01_Background Worker\01_Background Worker.csproj", "{0372CBFC-F391-419A-82F5-A210D9515776}"
EndProject
Project("{FAE04EC0-301F-11D3-BF4B-00C04F79EFBC}") = "02_Property_Trigger", "02_Property_Trigger\02_Property_Trigger.csproj", "{2F0DDEC8-41A4-47B5-A81A-14389C9A94C6}"
EndProject
Project("{FAE04EC0-301F-11D3-BF4B-00C04F79EFBC}") = "03_Data_Trigger", "03_Data_Trigger\03_Data_Trigger.csproj", "{CBD5768F-71E5-4976-B737-0FFD515E318E}"
EndProject
Project("{FAE04EC0-301F-11D3-BF4B-00C04F79EFBC}") = "04_Data_Binding", "04_Data_Binding\04_Data_Binding.csproj", "{FF04E115-E321-47C2-90B6-0991C4046923}"
EndProject
Project("{FAE04EC0-301F-11D3-BF4B-00C04F79EFBC}") = "05_의존프로퍼티(DependencyProperty)", "05_의존프로퍼티(DependencyProperty)\05_의존프로퍼티(DependencyProperty).csproj", "{A1D060C9-2FDA-4E9F-8702-7965C0715D8E}"
EndProject
Project("{FAE04EC0-301F-11D3-BF4B-00C04F79EFBC}") = "06_RoutedEvent", "06_RoutedEvent\06_RoutedEvent.csproj", "{62CC519F-F98B-4B06-BBC9-17B8353909A8}"
EndProject
Project("{FAE04EC0-301F-11D3-BF4B-00C04F79EFBC}") = "07_DataBindling (xaml간)", "07_DataBindling (xaml간)\07_DataBindling (xaml간).csproj", "{632A7391-5EFE-4A7F-8D4D-59BD7F8CFCC1}"
EndProject
Project("{FAE04EC0-301F-11D3-BF4B-00C04F79EFBC}") = "08_INotyfyPropertChanged_PropertyChanged", "08_INotyfyPropertChanged_PropertyChanged\08_INotyfyPropertChanged_PropertyChanged.csproj", "{523E7E33-8847-401F-A5EA-42D6772853F3}"
EndProject
Project("{FAE04EC0-301F-11D3-BF4B-00C04F79EFBC}") = "09_Command01", "09_Command01\09_Command01.csproj", "{E4A1F1E1-4CA9-44EE-9396-797DBDB4CB84}"
EndProject
Project("{FAE04EC0-301F-11D3-BF4B-00C04F79EFBC}") = "09_Command02", "09_Command02\09_Command02.csproj", "{DCBED618-69A0-4270-80E0-66FF4056CF64}"
EndProject
Project("{FAE04EC0-301F-11D3-BF4B-00C04F79EFBC}") = "10_ListCollectionView", "10_ListCollectionView\10_ListCollectionView.csproj", "{FC5B619F-FD2D-40FC-9FAE-5F47DF1572B0}"
EndProject
Global
	GlobalSection(SolutionConfigurationPlatforms) = preSolution
		Debug|Any CPU = Debug|Any CPU
		Release|Any CPU = Release|Any CPU
	EndGlobalSection
	GlobalSection(ProjectConfigurationPlatforms) = postSolution
		{0372CBFC-F391-419A-82F5-A210D9515776}.Debug|Any CPU.ActiveCfg = Debug|Any CPU
		{0372CBFC-F391-419A-82F5-A210D9515776}.Debug|Any CPU.Build.0 = Debug|Any CPU
		{0372CBFC-F391-419A-82F5-A210D9515776}.Release|Any CPU.ActiveCfg = Release|Any CPU
		{0372CBFC-F391-419A-82F5-A210D9515776}.Release|Any CPU.Build.0 = Release|Any CPU
		{2F0DDEC8-41A4-47B5-A81A-14389C9A94C6}.Debug|Any CPU.ActiveCfg = Debug|Any CPU
		{2F0DDEC8-41A4-47B5-A81A-14389C9A94C6}.Debug|Any CPU.Build.0 = Debug|Any CPU
		{2F0DDEC8-41A4-47B5-A81A-14389C9A94C6}.Release|Any CPU.ActiveCfg = Release|Any CPU
		{2F0DDEC8-41A4-47B5-A81A-14389C9A94C6}.Release|Any CPU.Build.0 = Release|Any CPU
		{CBD5768F-71E5-4976-B737-0FFD515E318E}.Debug|Any CPU.ActiveCfg = Debug|Any CPU
		{CBD5768F-71E5-4976-B737-0FFD515E318E}.Debug|Any CPU.Build.0 = Debug|Any CPU
		{CBD5768F-71E5-4976-B737-0FFD515E318E}.Release|Any CPU.ActiveCfg = Release|Any CPU
		{CBD5768F-71E5-4976-B737-0FFD515E318E}.Release|Any CPU.Build.0 = Release|Any CPU
		{FF04E115-E321-47C2-90B6-0991C4046923}.Debug|Any CPU.ActiveCfg = Debug|Any CPU
		{FF04E115-E321-47C2-90B6-0991C4046923}.Debug|Any CPU.Build.0 = Debug|Any CPU
		{FF04E115-E321-47C2-90B6-0991C4046923}.Release|Any CPU.ActiveCfg = Release|Any CPU
		{FF04E115-E321-47C2-90B6-0991C4046923}.Release|Any CPU.Build.0 = Release|Any CPU
		{A1D060C9-2FDA-4E9F-8702-7965C0715D8E}.Debug|Any CPU.ActiveCfg = Debug|Any CPU
		{A1D060C9-2FDA-4E9F-8702-7965C0715D8E}.Debug|Any CPU.Build.0 = Debug|Any CPU
		{A1D060C9-2FDA-4E9F-8702-7965C0715D8E}.Release|Any CPU.ActiveCfg = Release|Any CPU
		{A1D060C9-2FDA-4E9F-8702-7965C0715D8E}.Release|Any CPU.Build.0 = Release|Any CPU
		{62CC519F-F98B-4B06-BBC9-17B8353909A8}.Debug|Any CPU.ActiveCfg = Debug|Any CPU
		{62CC519F-F98B-4B06-BBC9-17B8353909A8}.Debug|Any CPU.Build.0 = Debug|Any CPU
		{62CC519F-F98B-4B06-BBC9-17B8353909A8}.Release|Any CPU.ActiveCfg = Release|Any CPU
		{62CC519F-F98B-4B06-BBC9-17B8353909A8}.Release|Any CPU.Build.0 = Release|Any CPU
		{632A7391-5EFE-4A7F-8D4D-59BD7F8CFCC1}.Debug|Any CPU.ActiveCfg = Debug|Any CPU
		{632A7391-5EFE-4A7F-8D4D-59BD7F8CFCC1}.Debug|Any CPU.Build.0 = Debug|Any CPU
		{632A7391-5EFE-4A7F-8D4D-59BD7F8CFCC1}.Release|Any CPU.ActiveCfg = Release|Any CPU
		{632A7391-5EFE-4A7F-8D4D-59BD7F8CFCC1}.Release|Any CPU.Build.0 = Release|Any CPU
		{523E7E33-8847-401F-A5EA-42D6772853F3}.Debug|Any CPU.ActiveCfg = Debug|Any CPU
		{523E7E33-8847-401F-A5EA-42D6772853F3}.Debug|Any CPU.Build.0 = Debug|Any CPU
		{523E7E33-8847-401F-A5EA-42D6772853F3}.Release|Any CPU.ActiveCfg = Release|Any CPU
		{523E7E33-8847-401F-A5EA-42D6772853F3}.Release|Any CPU.Build.0 = Release|Any CPU
		{E4A1F1E1-4CA9-44EE-9396-797DBDB4CB84}.Debug|Any CPU.ActiveCfg = Debug|Any CPU
		{E4A1F1E1-4CA9-44EE-9396-797DBDB4CB84}.Debug|Any CPU.Build.0 = Debug|Any CPU
		{E4A1F1E1-4CA9-44EE-9396-797DBDB4CB84}.Release|Any CPU.ActiveCfg = Release|Any CPU
		{E4A1F1E1-4CA9-44EE-9396-797DBDB4CB84}.Release|Any CPU.Build.0 = Release|Any CPU
		{DCBED618-69A0-4270-80E0-66FF4056CF64}.Debug|Any CPU.ActiveCfg = Debug|Any CPU
		{DCBED618-69A0-4270-80E0-66FF4056CF64}.Debug|Any CPU.Build.0 = Debug|Any CPU
		{DCBED618-69A0-4270-80E0-66FF4056CF64}.Release|Any CPU.ActiveCfg = Release|Any CPU
		{DCBED618-69A0-4270-80E0-66FF4056CF64}.Release|Any CPU.Build.0 = Release|Any CPU
		{FC5B619F-FD2D-40FC-9FAE-5F47DF1572B0}.Debug|Any CPU.ActiveCfg = Debug|Any CPU
		{FC5B619F-FD2D-40FC-9FAE-5F47DF1572B0}.Debug|Any CPU.Build.0 = Debug|Any CPU
		{FC5B619F-FD2D-40FC-9FAE-5F47DF1572B0}.Release|Any CPU.ActiveCfg = Release|Any CPU
		{FC5B619F-FD2D-40FC-9FAE-5F47DF1572B0}.Release|Any CPU.Build.0 = Release|Any CPU
	EndGlobalSection
	GlobalSection(SolutionProperties) = preSolution
		HideSolutionNode = FALSE
	EndGlobalSection
	GlobalSection(NestedProjects) = preSolution
		{0372CBFC-F391-419A-82F5-A210D9515776} = {49178FDB-E071-4096-AFD5-04C6CAEF1CCF}
		{2F0DDEC8-41A4-47B5-A81A-14389C9A94C6} = {49178FDB-E071-4096-AFD5-04C6CAEF1CCF}
		{CBD5768F-71E5-4976-B737-0FFD515E318E} = {49178FDB-E071-4096-AFD5-04C6CAEF1CCF}
		{FF04E115-E321-47C2-90B6-0991C4046923} = {49178FDB-E071-4096-AFD5-04C6CAEF1CCF}
		{A1D060C9-2FDA-4E9F-8702-7965C0715D8E} = {49178FDB-E071-4096-AFD5-04C6CAEF1CCF}
		{62CC519F-F98B-4B06-BBC9-17B8353909A8} = {49178FDB-E071-4096-AFD5-04C6CAEF1CCF}
		{632A7391-5EFE-4A7F-8D4D-59BD7F8CFCC1} = {49178FDB-E071-4096-AFD5-04C6CAEF1CCF}
		{523E7E33-8847-401F-A5EA-42D6772853F3} = {49178FDB-E071-4096-AFD5-04C6CAEF1CCF}
		{E4A1F1E1-4CA9-44EE-9396-797DBDB4CB84} = {49178FDB-E071-4096-AFD5-04C6CAEF1CCF}
		{DCBED618-69A0-4270-80E0-66FF4056CF64} = {49178FDB-E071-4096-AFD5-04C6CAEF1CCF}
		{FC5B619F-FD2D-40FC-9FAE-5F47DF1572B0} = {49178FDB-E071-4096-AFD5-04C6CAEF1CCF}
	EndGlobalSection
	GlobalSection(ExtensibilityGlobals) = postSolution
		SolutionGuid = {BC65E998-4C8C-4269-B014-A261D0AAD2FF}
	EndGlobalSection
EndGlobal
